// !$*UTF8*$!
{
	archiveVersion = 1;
	classes = {
	};
	objectVersion = 56;
	objects = {

/* Begin PBXBuildFile section */
		232E96CE2A68F3B40025A376 /* UserCard.swift in Sources */ = {isa = PBXBuildFile; fileRef = 232E96CD2A68F3B40025A376 /* UserCard.swift */; };
		232E96D02A68F3C80025A376 /* MyHolding.swift in Sources */ = {isa = PBXBuildFile; fileRef = 232E96CF2A68F3C80025A376 /* MyHolding.swift */; };
		232E96D32A6991B90025A376 /* UserPortfolio.swift in Sources */ = {isa = PBXBuildFile; fileRef = 232E96D22A6991B90025A376 /* UserPortfolio.swift */; };
		232E96D52A69937E0025A376 /* Holding.swift in Sources */ = {isa = PBXBuildFile; fileRef = 232E96D42A69937E0025A376 /* Holding.swift */; };
		232E96D82A6994650025A376 /* FirebaseFirestoreSwift in Frameworks */ = {isa = PBXBuildFile; productRef = 232E96D72A6994650025A376 /* FirebaseFirestoreSwift */; };
		232E96DA2A6A1EB20025A376 /* PortfolioManager.swift in Sources */ = {isa = PBXBuildFile; fileRef = 232E96D92A6A1EB20025A376 /* PortfolioManager.swift */; };
		237B9EEA2A625B6E008CA4AF /* TransitionView.swift in Sources */ = {isa = PBXBuildFile; fileRef = 237B9EE92A625B6E008CA4AF /* TransitionView.swift */; };
		23990C572A707FB00068C82B /* TradePage.swift in Sources */ = {isa = PBXBuildFile; fileRef = 23990C562A707FB00068C82B /* TradePage.swift */; };
		23990C592A708DDE0068C82B /* SecondaryButton.swift in Sources */ = {isa = PBXBuildFile; fileRef = 23990C582A708DDE0068C82B /* SecondaryButton.swift */; };
		23D83C3C2A5F953000CE9AC1 /* CryptoX15App.swift in Sources */ = {isa = PBXBuildFile; fileRef = 23D83C3B2A5F953000CE9AC1 /* CryptoX15App.swift */; };
		23D83C3E2A5F953000CE9AC1 /* ContentView.swift in Sources */ = {isa = PBXBuildFile; fileRef = 23D83C3D2A5F953000CE9AC1 /* ContentView.swift */; };
		23D83C402A5F953700CE9AC1 /* Assets.xcassets in Resources */ = {isa = PBXBuildFile; fileRef = 23D83C3F2A5F953700CE9AC1 /* Assets.xcassets */; };
		23D83C442A5F953700CE9AC1 /* Preview Assets.xcassets in Resources */ = {isa = PBXBuildFile; fileRef = 23D83C432A5F953700CE9AC1 /* Preview Assets.xcassets */; };
		23D83C4E2A5F953700CE9AC1 /* CryptoX15Tests.swift in Sources */ = {isa = PBXBuildFile; fileRef = 23D83C4D2A5F953700CE9AC1 /* CryptoX15Tests.swift */; };
		23D83C582A5F953700CE9AC1 /* CryptoX15UITests.swift in Sources */ = {isa = PBXBuildFile; fileRef = 23D83C572A5F953700CE9AC1 /* CryptoX15UITests.swift */; };
		23D83C5A2A5F953700CE9AC1 /* CryptoX15UITestsLaunchTests.swift in Sources */ = {isa = PBXBuildFile; fileRef = 23D83C592A5F953700CE9AC1 /* CryptoX15UITestsLaunchTests.swift */; };
		23D83C682A5F98AD00CE9AC1 /* FirebaseAnalytics in Frameworks */ = {isa = PBXBuildFile; productRef = 23D83C672A5F98AD00CE9AC1 /* FirebaseAnalytics */; };
		23D83C6A2A5F98AD00CE9AC1 /* FirebaseAuth in Frameworks */ = {isa = PBXBuildFile; productRef = 23D83C692A5F98AD00CE9AC1 /* FirebaseAuth */; };
		23D83C6C2A5F98AD00CE9AC1 /* FirebaseFirestore in Frameworks */ = {isa = PBXBuildFile; productRef = 23D83C6B2A5F98AD00CE9AC1 /* FirebaseFirestore */; };
		23D83C6E2A5F995800CE9AC1 /* GoogleService-Info.plist in Resources */ = {isa = PBXBuildFile; fileRef = 23D83C6D2A5F995800CE9AC1 /* GoogleService-Info.plist */; };
		23D83C742A5F9BA600CE9AC1 /* SignUpView.swift in Sources */ = {isa = PBXBuildFile; fileRef = 23D83C712A5F9BA600CE9AC1 /* SignUpView.swift */; };
		23D83C752A5F9BA600CE9AC1 /* LoginView.swift in Sources */ = {isa = PBXBuildFile; fileRef = 23D83C722A5F9BA600CE9AC1 /* LoginView.swift */; };
		23D83C762A5F9BA600CE9AC1 /* ResetView.swift in Sources */ = {isa = PBXBuildFile; fileRef = 23D83C732A5F9BA600CE9AC1 /* ResetView.swift */; };
		23D83C782A5F9BE600CE9AC1 /* PrimaryButton.swift in Sources */ = {isa = PBXBuildFile; fileRef = 23D83C772A5F9BE600CE9AC1 /* PrimaryButton.swift */; };
		23D83C7E2A5F9C1500CE9AC1 /* UnderlineTextFieldStyle.swift in Sources */ = {isa = PBXBuildFile; fileRef = 23D83C7A2A5F9C1500CE9AC1 /* UnderlineTextFieldStyle.swift */; };
		23D83C7F2A5F9C1500CE9AC1 /* RoundedOutlineContainer.swift in Sources */ = {isa = PBXBuildFile; fileRef = 23D83C7B2A5F9C1500CE9AC1 /* RoundedOutlineContainer.swift */; };
		23D83C802A5F9C1500CE9AC1 /* SectionHeaderFontStyle.swift in Sources */ = {isa = PBXBuildFile; fileRef = 23D83C7C2A5F9C1500CE9AC1 /* SectionHeaderFontStyle.swift */; };
		23D83C812A5F9C1500CE9AC1 /* RoundedCardStyle.swift in Sources */ = {isa = PBXBuildFile; fileRef = 23D83C7D2A5F9C1500CE9AC1 /* RoundedCardStyle.swift */; };
		23D83C842A5F9C2A00CE9AC1 /* Extension.swift in Sources */ = {isa = PBXBuildFile; fileRef = 23D83C822A5F9C2A00CE9AC1 /* Extension.swift */; };
		23D83C852A5F9C2A00CE9AC1 /* FirebaseAuthService.swift in Sources */ = {isa = PBXBuildFile; fileRef = 23D83C832A5F9C2A00CE9AC1 /* FirebaseAuthService.swift */; };
		23D83C882A606C4200CE9AC1 /* Coin.swift in Sources */ = {isa = PBXBuildFile; fileRef = 23D83C872A606C4200CE9AC1 /* Coin.swift */; };
		23D83C8A2A606C9000CE9AC1 /* APIService.swift in Sources */ = {isa = PBXBuildFile; fileRef = 23D83C892A606C9000CE9AC1 /* APIService.swift */; };
		23D83C8C2A606E1D00CE9AC1 /* CoinListOperation.swift in Sources */ = {isa = PBXBuildFile; fileRef = 23D83C8B2A606E1D00CE9AC1 /* CoinListOperation.swift */; };
		23D83C8E2A6070FC00CE9AC1 /* CoinDetail.swift in Sources */ = {isa = PBXBuildFile; fileRef = 23D83C8D2A6070FC00CE9AC1 /* CoinDetail.swift */; };
		23D83C912A60711300CE9AC1 /* CoinDetailManager.swift in Sources */ = {isa = PBXBuildFile; fileRef = 23D83C8F2A60711300CE9AC1 /* CoinDetailManager.swift */; };
		23D83C922A60711300CE9AC1 /* CoinManager.swift in Sources */ = {isa = PBXBuildFile; fileRef = 23D83C902A60711300CE9AC1 /* CoinManager.swift */; };
		23D83C9A2A60753C00CE9AC1 /* CoinRow.swift in Sources */ = {isa = PBXBuildFile; fileRef = 23D83C942A60753C00CE9AC1 /* CoinRow.swift */; };
		23D83C9B2A60753C00CE9AC1 /* CoinDetailView.swift in Sources */ = {isa = PBXBuildFile; fileRef = 23D83C952A60753C00CE9AC1 /* CoinDetailView.swift */; };
		23D83C9C2A60753C00CE9AC1 /* CoinList.swift in Sources */ = {isa = PBXBuildFile; fileRef = 23D83C962A60753C00CE9AC1 /* CoinList.swift */; };
		23D83C9D2A60753C00CE9AC1 /* CoinScroll.swift in Sources */ = {isa = PBXBuildFile; fileRef = 23D83C972A60753C00CE9AC1 /* CoinScroll.swift */; };
		23D83C9E2A60753C00CE9AC1 /* CoinCard.swift in Sources */ = {isa = PBXBuildFile; fileRef = 23D83C982A60753C00CE9AC1 /* CoinCard.swift */; };
		23D83C9F2A60753C00CE9AC1 /* CoinPriceChart.swift in Sources */ = {isa = PBXBuildFile; fileRef = 23D83C992A60753C00CE9AC1 /* CoinPriceChart.swift */; };
		23D83CA42A6085B800CE9AC1 /* HomeTabView.swift in Sources */ = {isa = PBXBuildFile; fileRef = 23D83CA32A6085B800CE9AC1 /* HomeTabView.swift */; };
		23D83CA82A60871A00CE9AC1 /* MarketView.swift in Sources */ = {isa = PBXBuildFile; fileRef = 23D83CA72A60871A00CE9AC1 /* MarketView.swift */; };
		23D83CAA2A60872800CE9AC1 /* WatchlistView.swift in Sources */ = {isa = PBXBuildFile; fileRef = 23D83CA92A60872800CE9AC1 /* WatchlistView.swift */; };
		23D83CAC2A60873200CE9AC1 /* PortfolioView.swift in Sources */ = {isa = PBXBuildFile; fileRef = 23D83CAB2A60873100CE9AC1 /* PortfolioView.swift */; };
		23D83CB12A60873800CE9AC1 /* UserProfile.swift in Sources */ = {isa = PBXBuildFile; fileRef = 23D83CAE2A60873800CE9AC1 /* UserProfile.swift */; };
		23D83CB22A60873800CE9AC1 /* FavoriteCoin.swift in Sources */ = {isa = PBXBuildFile; fileRef = 23D83CAF2A60873800CE9AC1 /* FavoriteCoin.swift */; };
		23D83CB72A6087C400CE9AC1 /* MenuBar.swift in Sources */ = {isa = PBXBuildFile; fileRef = 23D83CB42A6087C400CE9AC1 /* MenuBar.swift */; };
		23D83CB82A6087C400CE9AC1 /* FavoriteButton.swift in Sources */ = {isa = PBXBuildFile; fileRef = 23D83CB52A6087C400CE9AC1 /* FavoriteButton.swift */; };
		23D83CB92A6087C400CE9AC1 /* SortSelection.swift in Sources */ = {isa = PBXBuildFile; fileRef = 23D83CB62A6087C400CE9AC1 /* SortSelection.swift */; };
/* End PBXBuildFile section */

/* Begin PBXContainerItemProxy section */
		23D83C4A2A5F953700CE9AC1 /* PBXContainerItemProxy */ = {
			isa = PBXContainerItemProxy;
			containerPortal = 23D83C302A5F953000CE9AC1 /* Project object */;
			proxyType = 1;
			remoteGlobalIDString = 23D83C372A5F953000CE9AC1;
			remoteInfo = CryptoX15;
		};
		23D83C542A5F953700CE9AC1 /* PBXContainerItemProxy */ = {
			isa = PBXContainerItemProxy;
			containerPortal = 23D83C302A5F953000CE9AC1 /* Project object */;
			proxyType = 1;
			remoteGlobalIDString = 23D83C372A5F953000CE9AC1;
			remoteInfo = CryptoX15;
		};
/* End PBXContainerItemProxy section */

/* Begin PBXFileReference section */
		232E96CD2A68F3B40025A376 /* UserCard.swift */ = {isa = PBXFileReference; lastKnownFileType = sourcecode.swift; path = UserCard.swift; sourceTree = "<group>"; };
		232E96CF2A68F3C80025A376 /* MyHolding.swift */ = {isa = PBXFileReference; lastKnownFileType = sourcecode.swift; path = MyHolding.swift; sourceTree = "<group>"; };
		232E96D22A6991B90025A376 /* UserPortfolio.swift */ = {isa = PBXFileReference; lastKnownFileType = sourcecode.swift; path = UserPortfolio.swift; sourceTree = "<group>"; };
		232E96D42A69937E0025A376 /* Holding.swift */ = {isa = PBXFileReference; lastKnownFileType = sourcecode.swift; path = Holding.swift; sourceTree = "<group>"; };
		232E96D92A6A1EB20025A376 /* PortfolioManager.swift */ = {isa = PBXFileReference; lastKnownFileType = sourcecode.swift; path = PortfolioManager.swift; sourceTree = "<group>"; };
		237B9EE92A625B6E008CA4AF /* TransitionView.swift */ = {isa = PBXFileReference; lastKnownFileType = sourcecode.swift; path = TransitionView.swift; sourceTree = "<group>"; };
		23990C562A707FB00068C82B /* TradePage.swift */ = {isa = PBXFileReference; lastKnownFileType = sourcecode.swift; path = TradePage.swift; sourceTree = "<group>"; };
		23990C582A708DDE0068C82B /* SecondaryButton.swift */ = {isa = PBXFileReference; lastKnownFileType = sourcecode.swift; path = SecondaryButton.swift; sourceTree = "<group>"; };
		23D83C382A5F953000CE9AC1 /* CryptoX15.app */ = {isa = PBXFileReference; explicitFileType = wrapper.application; includeInIndex = 0; path = CryptoX15.app; sourceTree = BUILT_PRODUCTS_DIR; };
		23D83C3B2A5F953000CE9AC1 /* CryptoX15App.swift */ = {isa = PBXFileReference; lastKnownFileType = sourcecode.swift; path = CryptoX15App.swift; sourceTree = "<group>"; };
		23D83C3D2A5F953000CE9AC1 /* ContentView.swift */ = {isa = PBXFileReference; lastKnownFileType = sourcecode.swift; path = ContentView.swift; sourceTree = "<group>"; };
		23D83C3F2A5F953700CE9AC1 /* Assets.xcassets */ = {isa = PBXFileReference; lastKnownFileType = folder.assetcatalog; path = Assets.xcassets; sourceTree = "<group>"; };
		23D83C412A5F953700CE9AC1 /* CryptoX15.entitlements */ = {isa = PBXFileReference; lastKnownFileType = text.plist.entitlements; path = CryptoX15.entitlements; sourceTree = "<group>"; };
		23D83C432A5F953700CE9AC1 /* Preview Assets.xcassets */ = {isa = PBXFileReference; lastKnownFileType = folder.assetcatalog; path = "Preview Assets.xcassets"; sourceTree = "<group>"; };
		23D83C492A5F953700CE9AC1 /* CryptoX15Tests.xctest */ = {isa = PBXFileReference; explicitFileType = wrapper.cfbundle; includeInIndex = 0; path = CryptoX15Tests.xctest; sourceTree = BUILT_PRODUCTS_DIR; };
		23D83C4D2A5F953700CE9AC1 /* CryptoX15Tests.swift */ = {isa = PBXFileReference; lastKnownFileType = sourcecode.swift; path = CryptoX15Tests.swift; sourceTree = "<group>"; };
		23D83C532A5F953700CE9AC1 /* CryptoX15UITests.xctest */ = {isa = PBXFileReference; explicitFileType = wrapper.cfbundle; includeInIndex = 0; path = CryptoX15UITests.xctest; sourceTree = BUILT_PRODUCTS_DIR; };
		23D83C572A5F953700CE9AC1 /* CryptoX15UITests.swift */ = {isa = PBXFileReference; lastKnownFileType = sourcecode.swift; path = CryptoX15UITests.swift; sourceTree = "<group>"; };
		23D83C592A5F953700CE9AC1 /* CryptoX15UITestsLaunchTests.swift */ = {isa = PBXFileReference; lastKnownFileType = sourcecode.swift; path = CryptoX15UITestsLaunchTests.swift; sourceTree = "<group>"; };
		23D83C6D2A5F995800CE9AC1 /* GoogleService-Info.plist */ = {isa = PBXFileReference; fileEncoding = 4; lastKnownFileType = text.plist.xml; path = "GoogleService-Info.plist"; sourceTree = "<group>"; };
		23D83C712A5F9BA600CE9AC1 /* SignUpView.swift */ = {isa = PBXFileReference; fileEncoding = 4; lastKnownFileType = sourcecode.swift; path = SignUpView.swift; sourceTree = "<group>"; };
		23D83C722A5F9BA600CE9AC1 /* LoginView.swift */ = {isa = PBXFileReference; fileEncoding = 4; lastKnownFileType = sourcecode.swift; path = LoginView.swift; sourceTree = "<group>"; };
		23D83C732A5F9BA600CE9AC1 /* ResetView.swift */ = {isa = PBXFileReference; fileEncoding = 4; lastKnownFileType = sourcecode.swift; path = ResetView.swift; sourceTree = "<group>"; };
		23D83C772A5F9BE600CE9AC1 /* PrimaryButton.swift */ = {isa = PBXFileReference; fileEncoding = 4; lastKnownFileType = sourcecode.swift; path = PrimaryButton.swift; sourceTree = "<group>"; };
		23D83C7A2A5F9C1500CE9AC1 /* UnderlineTextFieldStyle.swift */ = {isa = PBXFileReference; fileEncoding = 4; lastKnownFileType = sourcecode.swift; path = UnderlineTextFieldStyle.swift; sourceTree = "<group>"; };
		23D83C7B2A5F9C1500CE9AC1 /* RoundedOutlineContainer.swift */ = {isa = PBXFileReference; fileEncoding = 4; lastKnownFileType = sourcecode.swift; path = RoundedOutlineContainer.swift; sourceTree = "<group>"; };
		23D83C7C2A5F9C1500CE9AC1 /* SectionHeaderFontStyle.swift */ = {isa = PBXFileReference; fileEncoding = 4; lastKnownFileType = sourcecode.swift; path = SectionHeaderFontStyle.swift; sourceTree = "<group>"; };
		23D83C7D2A5F9C1500CE9AC1 /* RoundedCardStyle.swift */ = {isa = PBXFileReference; fileEncoding = 4; lastKnownFileType = sourcecode.swift; path = RoundedCardStyle.swift; sourceTree = "<group>"; };
		23D83C822A5F9C2A00CE9AC1 /* Extension.swift */ = {isa = PBXFileReference; fileEncoding = 4; lastKnownFileType = sourcecode.swift; path = Extension.swift; sourceTree = "<group>"; };
		23D83C832A5F9C2A00CE9AC1 /* FirebaseAuthService.swift */ = {isa = PBXFileReference; fileEncoding = 4; lastKnownFileType = sourcecode.swift; path = FirebaseAuthService.swift; sourceTree = "<group>"; };
		23D83C872A606C4200CE9AC1 /* Coin.swift */ = {isa = PBXFileReference; fileEncoding = 4; lastKnownFileType = sourcecode.swift; path = Coin.swift; sourceTree = "<group>"; };
		23D83C892A606C9000CE9AC1 /* APIService.swift */ = {isa = PBXFileReference; lastKnownFileType = sourcecode.swift; path = APIService.swift; sourceTree = "<group>"; };
		23D83C8B2A606E1D00CE9AC1 /* CoinListOperation.swift */ = {isa = PBXFileReference; lastKnownFileType = sourcecode.swift; path = CoinListOperation.swift; sourceTree = "<group>"; };
		23D83C8D2A6070FC00CE9AC1 /* CoinDetail.swift */ = {isa = PBXFileReference; fileEncoding = 4; lastKnownFileType = sourcecode.swift; path = CoinDetail.swift; sourceTree = "<group>"; };
		23D83C8F2A60711300CE9AC1 /* CoinDetailManager.swift */ = {isa = PBXFileReference; fileEncoding = 4; lastKnownFileType = sourcecode.swift; path = CoinDetailManager.swift; sourceTree = "<group>"; };
		23D83C902A60711300CE9AC1 /* CoinManager.swift */ = {isa = PBXFileReference; fileEncoding = 4; lastKnownFileType = sourcecode.swift; path = CoinManager.swift; sourceTree = "<group>"; };
		23D83C942A60753C00CE9AC1 /* CoinRow.swift */ = {isa = PBXFileReference; fileEncoding = 4; lastKnownFileType = sourcecode.swift; path = CoinRow.swift; sourceTree = "<group>"; };
		23D83C952A60753C00CE9AC1 /* CoinDetailView.swift */ = {isa = PBXFileReference; fileEncoding = 4; lastKnownFileType = sourcecode.swift; path = CoinDetailView.swift; sourceTree = "<group>"; };
		23D83C962A60753C00CE9AC1 /* CoinList.swift */ = {isa = PBXFileReference; fileEncoding = 4; lastKnownFileType = sourcecode.swift; path = CoinList.swift; sourceTree = "<group>"; };
		23D83C972A60753C00CE9AC1 /* CoinScroll.swift */ = {isa = PBXFileReference; fileEncoding = 4; lastKnownFileType = sourcecode.swift; path = CoinScroll.swift; sourceTree = "<group>"; };
		23D83C982A60753C00CE9AC1 /* CoinCard.swift */ = {isa = PBXFileReference; fileEncoding = 4; lastKnownFileType = sourcecode.swift; path = CoinCard.swift; sourceTree = "<group>"; };
		23D83C992A60753C00CE9AC1 /* CoinPriceChart.swift */ = {isa = PBXFileReference; fileEncoding = 4; lastKnownFileType = sourcecode.swift; path = CoinPriceChart.swift; sourceTree = "<group>"; };
		23D83CA32A6085B800CE9AC1 /* HomeTabView.swift */ = {isa = PBXFileReference; fileEncoding = 4; lastKnownFileType = sourcecode.swift; path = HomeTabView.swift; sourceTree = "<group>"; };
		23D83CA72A60871A00CE9AC1 /* MarketView.swift */ = {isa = PBXFileReference; fileEncoding = 4; lastKnownFileType = sourcecode.swift; path = MarketView.swift; sourceTree = "<group>"; };
		23D83CA92A60872800CE9AC1 /* WatchlistView.swift */ = {isa = PBXFileReference; fileEncoding = 4; lastKnownFileType = sourcecode.swift; path = WatchlistView.swift; sourceTree = "<group>"; };
		23D83CAB2A60873100CE9AC1 /* PortfolioView.swift */ = {isa = PBXFileReference; fileEncoding = 4; lastKnownFileType = sourcecode.swift; path = PortfolioView.swift; sourceTree = "<group>"; };
		23D83CAE2A60873800CE9AC1 /* UserProfile.swift */ = {isa = PBXFileReference; fileEncoding = 4; lastKnownFileType = sourcecode.swift; path = UserProfile.swift; sourceTree = "<group>"; };
		23D83CAF2A60873800CE9AC1 /* FavoriteCoin.swift */ = {isa = PBXFileReference; fileEncoding = 4; lastKnownFileType = sourcecode.swift; path = FavoriteCoin.swift; sourceTree = "<group>"; };
		23D83CB42A6087C400CE9AC1 /* MenuBar.swift */ = {isa = PBXFileReference; fileEncoding = 4; lastKnownFileType = sourcecode.swift; path = MenuBar.swift; sourceTree = "<group>"; };
		23D83CB52A6087C400CE9AC1 /* FavoriteButton.swift */ = {isa = PBXFileReference; fileEncoding = 4; lastKnownFileType = sourcecode.swift; path = FavoriteButton.swift; sourceTree = "<group>"; };
		23D83CB62A6087C400CE9AC1 /* SortSelection.swift */ = {isa = PBXFileReference; fileEncoding = 4; lastKnownFileType = sourcecode.swift; path = SortSelection.swift; sourceTree = "<group>"; };
/* End PBXFileReference section */

/* Begin PBXFrameworksBuildPhase section */
		23D83C352A5F953000CE9AC1 /* Frameworks */ = {
			isa = PBXFrameworksBuildPhase;
			buildActionMask = 2147483647;
			files = (
				23D83C682A5F98AD00CE9AC1 /* FirebaseAnalytics in Frameworks */,
				23D83C6A2A5F98AD00CE9AC1 /* FirebaseAuth in Frameworks */,
				23D83C6C2A5F98AD00CE9AC1 /* FirebaseFirestore in Frameworks */,
				232E96D82A6994650025A376 /* FirebaseFirestoreSwift in Frameworks */,
			);
			runOnlyForDeploymentPostprocessing = 0;
		};
		23D83C462A5F953700CE9AC1 /* Frameworks */ = {
			isa = PBXFrameworksBuildPhase;
			buildActionMask = 2147483647;
			files = (
			);
			runOnlyForDeploymentPostprocessing = 0;
		};
		23D83C502A5F953700CE9AC1 /* Frameworks */ = {
			isa = PBXFrameworksBuildPhase;
			buildActionMask = 2147483647;
			files = (
			);
			runOnlyForDeploymentPostprocessing = 0;
		};
/* End PBXFrameworksBuildPhase section */

/* Begin PBXGroup section */
		232E96D12A698FB30025A376 /* RemoteStorage */ = {
			isa = PBXGroup;
			children = (
				232E96D22A6991B90025A376 /* UserPortfolio.swift */,
				232E96D42A69937E0025A376 /* Holding.swift */,
				232E96D92A6A1EB20025A376 /* PortfolioManager.swift */,
			);
			path = RemoteStorage;
			sourceTree = "<group>";
		};
		232E96D62A6994650025A376 /* Frameworks */ = {
			isa = PBXGroup;
			children = (
			);
			name = Frameworks;
			sourceTree = "<group>";
		};
		233C75AF2A81E80C006FBFFA /* Component */ = {
			isa = PBXGroup;
			children = (
				23D83CB52A6087C400CE9AC1 /* FavoriteButton.swift */,
				23D83CB42A6087C400CE9AC1 /* MenuBar.swift */,
				23D83CB62A6087C400CE9AC1 /* SortSelection.swift */,
				23D83C772A5F9BE600CE9AC1 /* PrimaryButton.swift */,
				23990C582A708DDE0068C82B /* SecondaryButton.swift */,
			);
			path = Component;
			sourceTree = "<group>";
		};
		23D83C2F2A5F953000CE9AC1 = {
			isa = PBXGroup;
			children = (
				23D83C3A2A5F953000CE9AC1 /* CryptoX15 */,
				23D83C4C2A5F953700CE9AC1 /* CryptoX15Tests */,
				23D83C562A5F953700CE9AC1 /* CryptoX15UITests */,
				23D83C392A5F953000CE9AC1 /* Products */,
				232E96D62A6994650025A376 /* Frameworks */,
			);
			sourceTree = "<group>";
		};
		23D83C392A5F953000CE9AC1 /* Products */ = {
			isa = PBXGroup;
			children = (
				23D83C382A5F953000CE9AC1 /* CryptoX15.app */,
				23D83C492A5F953700CE9AC1 /* CryptoX15Tests.xctest */,
				23D83C532A5F953700CE9AC1 /* CryptoX15UITests.xctest */,
			);
			name = Products;
			sourceTree = "<group>";
		};
		23D83C3A2A5F953000CE9AC1 /* CryptoX15 */ = {
			isa = PBXGroup;
			children = (
				23D83C3B2A5F953000CE9AC1 /* CryptoX15App.swift */,
				23D83C3D2A5F953000CE9AC1 /* ContentView.swift */,
				23D83C702A5F99DA00CE9AC1 /* Login */,
				23D83CA02A60854D00CE9AC1 /* Tab */,
				23D83C862A606B9800CE9AC1 /* Coin */,
				232E96D12A698FB30025A376 /* RemoteStorage */,
				23D83CB32A60875300CE9AC1 /* LocalStorage */,
				233C75AF2A81E80C006FBFFA /* Component */,
				23D83C6F2A5F99D400CE9AC1 /* Helper */,
				23D83C792A5F9BFC00CE9AC1 /* Style */,
				23D83C3F2A5F953700CE9AC1 /* Assets.xcassets */,
				23D83C6D2A5F995800CE9AC1 /* GoogleService-Info.plist */,
				23D83C412A5F953700CE9AC1 /* CryptoX15.entitlements */,
				23D83C422A5F953700CE9AC1 /* Preview Content */,
			);
			path = CryptoX15;
			sourceTree = "<group>";
		};
		23D83C422A5F953700CE9AC1 /* Preview Content */ = {
			isa = PBXGroup;
			children = (
				23D83C432A5F953700CE9AC1 /* Preview Assets.xcassets */,
			);
			path = "Preview Content";
			sourceTree = "<group>";
		};
		23D83C4C2A5F953700CE9AC1 /* CryptoX15Tests */ = {
			isa = PBXGroup;
			children = (
				23D83C4D2A5F953700CE9AC1 /* CryptoX15Tests.swift */,
			);
			path = CryptoX15Tests;
			sourceTree = "<group>";
		};
		23D83C562A5F953700CE9AC1 /* CryptoX15UITests */ = {
			isa = PBXGroup;
			children = (
				23D83C572A5F953700CE9AC1 /* CryptoX15UITests.swift */,
				23D83C592A5F953700CE9AC1 /* CryptoX15UITestsLaunchTests.swift */,
			);
			path = CryptoX15UITests;
			sourceTree = "<group>";
		};
		23D83C6F2A5F99D400CE9AC1 /* Helper */ = {
			isa = PBXGroup;
			children = (
				23D83C832A5F9C2A00CE9AC1 /* FirebaseAuthService.swift */,
				23D83C892A606C9000CE9AC1 /* APIService.swift */,
				23D83C8B2A606E1D00CE9AC1 /* CoinListOperation.swift */,
				23D83C822A5F9C2A00CE9AC1 /* Extension.swift */,
			);
			path = Helper;
			sourceTree = "<group>";
		};
		23D83C702A5F99DA00CE9AC1 /* Login */ = {
			isa = PBXGroup;
			children = (
				23D83C722A5F9BA600CE9AC1 /* LoginView.swift */,
				23D83C712A5F9BA600CE9AC1 /* SignUpView.swift */,
				23D83C732A5F9BA600CE9AC1 /* ResetView.swift */,
				237B9EE92A625B6E008CA4AF /* TransitionView.swift */,
			);
			path = Login;
			sourceTree = "<group>";
		};
		23D83C792A5F9BFC00CE9AC1 /* Style */ = {
			isa = PBXGroup;
			children = (
				23D83C7D2A5F9C1500CE9AC1 /* RoundedCardStyle.swift */,
				23D83C7B2A5F9C1500CE9AC1 /* RoundedOutlineContainer.swift */,
				23D83C7C2A5F9C1500CE9AC1 /* SectionHeaderFontStyle.swift */,
				23D83C7A2A5F9C1500CE9AC1 /* UnderlineTextFieldStyle.swift */,
			);
			path = Style;
			sourceTree = "<group>";
		};
		23D83C862A606B9800CE9AC1 /* Coin */ = {
			isa = PBXGroup;
			children = (
				23D83CA22A60858F00CE9AC1 /* ViewModel */,
				23D83C932A60753100CE9AC1 /* View */,
				23D83CA12A60857F00CE9AC1 /* Model */,
			);
			path = Coin;
			sourceTree = "<group>";
		};
		23D83C932A60753100CE9AC1 /* View */ = {
			isa = PBXGroup;
			children = (
				23D83C962A60753C00CE9AC1 /* CoinList.swift */,
				23D83C982A60753C00CE9AC1 /* CoinCard.swift */,
				23D83C942A60753C00CE9AC1 /* CoinRow.swift */,
				23D83C972A60753C00CE9AC1 /* CoinScroll.swift */,
				23D83C952A60753C00CE9AC1 /* CoinDetailView.swift */,
				23D83C992A60753C00CE9AC1 /* CoinPriceChart.swift */,
			);
			path = View;
			sourceTree = "<group>";
		};
		23D83CA02A60854D00CE9AC1 /* Tab */ = {
			isa = PBXGroup;
			children = (
				23D83CA32A6085B800CE9AC1 /* HomeTabView.swift */,
				23D83CA92A60872800CE9AC1 /* WatchlistView.swift */,
				23D83CA72A60871A00CE9AC1 /* MarketView.swift */,
				23D83CAB2A60873100CE9AC1 /* PortfolioView.swift */,
				23990C562A707FB00068C82B /* TradePage.swift */,
				232E96CD2A68F3B40025A376 /* UserCard.swift */,
				232E96CF2A68F3C80025A376 /* MyHolding.swift */,
			);
			path = Tab;
			sourceTree = "<group>";
		};
		23D83CA12A60857F00CE9AC1 /* Model */ = {
			isa = PBXGroup;
			children = (
				23D83C872A606C4200CE9AC1 /* Coin.swift */,
				23D83C8D2A6070FC00CE9AC1 /* CoinDetail.swift */,
			);
			path = Model;
			sourceTree = "<group>";
		};
		23D83CA22A60858F00CE9AC1 /* ViewModel */ = {
			isa = PBXGroup;
			children = (
				23D83C8F2A60711300CE9AC1 /* CoinDetailManager.swift */,
				23D83C902A60711300CE9AC1 /* CoinManager.swift */,
			);
			path = ViewModel;
			sourceTree = "<group>";
		};
		23D83CB32A60875300CE9AC1 /* LocalStorage */ = {
			isa = PBXGroup;
			children = (
				23D83CAF2A60873800CE9AC1 /* FavoriteCoin.swift */,
				23D83CAE2A60873800CE9AC1 /* UserProfile.swift */,
			);
			path = LocalStorage;
			sourceTree = "<group>";
		};
/* End PBXGroup section */

/* Begin PBXNativeTarget section */
		23D83C372A5F953000CE9AC1 /* CryptoX15 */ = {
			isa = PBXNativeTarget;
			buildConfigurationList = 23D83C5D2A5F953700CE9AC1 /* Build configuration list for PBXNativeTarget "CryptoX15" */;
			buildPhases = (
				23D83C342A5F953000CE9AC1 /* Sources */,
				23D83C352A5F953000CE9AC1 /* Frameworks */,
				23D83C362A5F953000CE9AC1 /* Resources */,
			);
			buildRules = (
			);
			dependencies = (
			);
			name = CryptoX15;
			packageProductDependencies = (
				23D83C672A5F98AD00CE9AC1 /* FirebaseAnalytics */,
				23D83C692A5F98AD00CE9AC1 /* FirebaseAuth */,
				23D83C6B2A5F98AD00CE9AC1 /* FirebaseFirestore */,
				232E96D72A6994650025A376 /* FirebaseFirestoreSwift */,
			);
			productName = CryptoX15;
			productReference = 23D83C382A5F953000CE9AC1 /* CryptoX15.app */;
			productType = "com.apple.product-type.application";
		};
		23D83C482A5F953700CE9AC1 /* CryptoX15Tests */ = {
			isa = PBXNativeTarget;
			buildConfigurationList = 23D83C602A5F953700CE9AC1 /* Build configuration list for PBXNativeTarget "CryptoX15Tests" */;
			buildPhases = (
				23D83C452A5F953700CE9AC1 /* Sources */,
				23D83C462A5F953700CE9AC1 /* Frameworks */,
				23D83C472A5F953700CE9AC1 /* Resources */,
			);
			buildRules = (
			);
			dependencies = (
				23D83C4B2A5F953700CE9AC1 /* PBXTargetDependency */,
			);
			name = CryptoX15Tests;
			productName = CryptoX15Tests;
			productReference = 23D83C492A5F953700CE9AC1 /* CryptoX15Tests.xctest */;
			productType = "com.apple.product-type.bundle.unit-test";
		};
		23D83C522A5F953700CE9AC1 /* CryptoX15UITests */ = {
			isa = PBXNativeTarget;
			buildConfigurationList = 23D83C632A5F953700CE9AC1 /* Build configuration list for PBXNativeTarget "CryptoX15UITests" */;
			buildPhases = (
				23D83C4F2A5F953700CE9AC1 /* Sources */,
				23D83C502A5F953700CE9AC1 /* Frameworks */,
				23D83C512A5F953700CE9AC1 /* Resources */,
			);
			buildRules = (
			);
			dependencies = (
				23D83C552A5F953700CE9AC1 /* PBXTargetDependency */,
			);
			name = CryptoX15UITests;
			productName = CryptoX15UITests;
			productReference = 23D83C532A5F953700CE9AC1 /* CryptoX15UITests.xctest */;
			productType = "com.apple.product-type.bundle.ui-testing";
		};
/* End PBXNativeTarget section */

/* Begin PBXProject section */
		23D83C302A5F953000CE9AC1 /* Project object */ = {
			isa = PBXProject;
			attributes = {
				BuildIndependentTargetsInParallel = 1;
				LastSwiftUpdateCheck = 1500;
				LastUpgradeCheck = 1500;
				TargetAttributes = {
					23D83C372A5F953000CE9AC1 = {
						CreatedOnToolsVersion = 15.0;
					};
					23D83C482A5F953700CE9AC1 = {
						CreatedOnToolsVersion = 15.0;
						TestTargetID = 23D83C372A5F953000CE9AC1;
					};
					23D83C522A5F953700CE9AC1 = {
						CreatedOnToolsVersion = 15.0;
						TestTargetID = 23D83C372A5F953000CE9AC1;
					};
				};
			};
			buildConfigurationList = 23D83C332A5F953000CE9AC1 /* Build configuration list for PBXProject "CryptoX15" */;
			compatibilityVersion = "Xcode 14.0";
			developmentRegion = en;
			hasScannedForEncodings = 0;
			knownRegions = (
				en,
				Base,
			);
			mainGroup = 23D83C2F2A5F953000CE9AC1;
			packageReferences = (
				23D83C662A5F98AD00CE9AC1 /* XCRemoteSwiftPackageReference "firebase-ios-sdk" */,
			);
			productRefGroup = 23D83C392A5F953000CE9AC1 /* Products */;
			projectDirPath = "";
			projectRoot = "";
			targets = (
				23D83C372A5F953000CE9AC1 /* CryptoX15 */,
				23D83C482A5F953700CE9AC1 /* CryptoX15Tests */,
				23D83C522A5F953700CE9AC1 /* CryptoX15UITests */,
			);
		};
/* End PBXProject section */

/* Begin PBXResourcesBuildPhase section */
		23D83C362A5F953000CE9AC1 /* Resources */ = {
			isa = PBXResourcesBuildPhase;
			buildActionMask = 2147483647;
			files = (
				23D83C442A5F953700CE9AC1 /* Preview Assets.xcassets in Resources */,
				23D83C402A5F953700CE9AC1 /* Assets.xcassets in Resources */,
				23D83C6E2A5F995800CE9AC1 /* GoogleService-Info.plist in Resources */,
			);
			runOnlyForDeploymentPostprocessing = 0;
		};
		23D83C472A5F953700CE9AC1 /* Resources */ = {
			isa = PBXResourcesBuildPhase;
			buildActionMask = 2147483647;
			files = (
			);
			runOnlyForDeploymentPostprocessing = 0;
		};
		23D83C512A5F953700CE9AC1 /* Resources */ = {
			isa = PBXResourcesBuildPhase;
			buildActionMask = 2147483647;
			files = (
			);
			runOnlyForDeploymentPostprocessing = 0;
		};
/* End PBXResourcesBuildPhase section */

/* Begin PBXSourcesBuildPhase section */
		23D83C342A5F953000CE9AC1 /* Sources */ = {
			isa = PBXSourcesBuildPhase;
			buildActionMask = 2147483647;
			files = (
				23D83C802A5F9C1500CE9AC1 /* SectionHeaderFontStyle.swift in Sources */,
				23D83C782A5F9BE600CE9AC1 /* PrimaryButton.swift in Sources */,
				232E96DA2A6A1EB20025A376 /* PortfolioManager.swift in Sources */,
				23D83CA42A6085B800CE9AC1 /* HomeTabView.swift in Sources */,
				23D83C3E2A5F953000CE9AC1 /* ContentView.swift in Sources */,
				23990C572A707FB00068C82B /* TradePage.swift in Sources */,
				23D83C9D2A60753C00CE9AC1 /* CoinScroll.swift in Sources */,
				23D83C742A5F9BA600CE9AC1 /* SignUpView.swift in Sources */,
				23990C592A708DDE0068C82B /* SecondaryButton.swift in Sources */,
				23D83C852A5F9C2A00CE9AC1 /* FirebaseAuthService.swift in Sources */,
				23D83CAA2A60872800CE9AC1 /* WatchlistView.swift in Sources */,
				23D83C842A5F9C2A00CE9AC1 /* Extension.swift in Sources */,
				23D83CB82A6087C400CE9AC1 /* FavoriteButton.swift in Sources */,
				23D83C8C2A606E1D00CE9AC1 /* CoinListOperation.swift in Sources */,
				23D83C8E2A6070FC00CE9AC1 /* CoinDetail.swift in Sources */,
				23D83C922A60711300CE9AC1 /* CoinManager.swift in Sources */,
				23D83C762A5F9BA600CE9AC1 /* ResetView.swift in Sources */,
				23D83C7F2A5F9C1500CE9AC1 /* RoundedOutlineContainer.swift in Sources */,
				23D83C9A2A60753C00CE9AC1 /* CoinRow.swift in Sources */,
				23D83CB12A60873800CE9AC1 /* UserProfile.swift in Sources */,
				23D83C8A2A606C9000CE9AC1 /* APIService.swift in Sources */,
				23D83C882A606C4200CE9AC1 /* Coin.swift in Sources */,
				23D83CB72A6087C400CE9AC1 /* MenuBar.swift in Sources */,
				23D83C752A5F9BA600CE9AC1 /* LoginView.swift in Sources */,
				232E96CE2A68F3B40025A376 /* UserCard.swift in Sources */,
				232E96D32A6991B90025A376 /* UserPortfolio.swift in Sources */,
				23D83C9E2A60753C00CE9AC1 /* CoinCard.swift in Sources */,
				23D83C9C2A60753C00CE9AC1 /* CoinList.swift in Sources */,
				23D83CB92A6087C400CE9AC1 /* SortSelection.swift in Sources */,
				237B9EEA2A625B6E008CA4AF /* TransitionView.swift in Sources */,
				23D83C812A5F9C1500CE9AC1 /* RoundedCardStyle.swift in Sources */,
				23D83CA82A60871A00CE9AC1 /* MarketView.swift in Sources */,
				23D83C912A60711300CE9AC1 /* CoinDetailManager.swift in Sources */,
				232E96D02A68F3C80025A376 /* MyHolding.swift in Sources */,
				23D83CAC2A60873200CE9AC1 /* PortfolioView.swift in Sources */,
				23D83CB22A60873800CE9AC1 /* FavoriteCoin.swift in Sources */,
				23D83C3C2A5F953000CE9AC1 /* CryptoX15App.swift in Sources */,
				232E96D52A69937E0025A376 /* Holding.swift in Sources */,
				23D83C9F2A60753C00CE9AC1 /* CoinPriceChart.swift in Sources */,
				23D83C9B2A60753C00CE9AC1 /* CoinDetailView.swift in Sources */,
				23D83C7E2A5F9C1500CE9AC1 /* UnderlineTextFieldStyle.swift in Sources */,
			);
			runOnlyForDeploymentPostprocessing = 0;
		};
		23D83C452A5F953700CE9AC1 /* Sources */ = {
			isa = PBXSourcesBuildPhase;
			buildActionMask = 2147483647;
			files = (
				23D83C4E2A5F953700CE9AC1 /* CryptoX15Tests.swift in Sources */,
			);
			runOnlyForDeploymentPostprocessing = 0;
		};
		23D83C4F2A5F953700CE9AC1 /* Sources */ = {
			isa = PBXSourcesBuildPhase;
			buildActionMask = 2147483647;
			files = (
				23D83C5A2A5F953700CE9AC1 /* CryptoX15UITestsLaunchTests.swift in Sources */,
				23D83C582A5F953700CE9AC1 /* CryptoX15UITests.swift in Sources */,
			);
			runOnlyForDeploymentPostprocessing = 0;
		};
/* End PBXSourcesBuildPhase section */

/* Begin PBXTargetDependency section */
		23D83C4B2A5F953700CE9AC1 /* PBXTargetDependency */ = {
			isa = PBXTargetDependency;
			target = 23D83C372A5F953000CE9AC1 /* CryptoX15 */;
			targetProxy = 23D83C4A2A5F953700CE9AC1 /* PBXContainerItemProxy */;
		};
		23D83C552A5F953700CE9AC1 /* PBXTargetDependency */ = {
			isa = PBXTargetDependency;
			target = 23D83C372A5F953000CE9AC1 /* CryptoX15 */;
			targetProxy = 23D83C542A5F953700CE9AC1 /* PBXContainerItemProxy */;
		};
/* End PBXTargetDependency section */

/* Begin XCBuildConfiguration section */
		23D83C5B2A5F953700CE9AC1 /* Debug */ = {
			isa = XCBuildConfiguration;
			buildSettings = {
				ALWAYS_SEARCH_USER_PATHS = NO;
				ASSETCATALOG_COMPILER_GENERATE_SWIFT_ASSET_SYMBOL_EXTENSIONS = YES;
				CLANG_ANALYZER_NONNULL = YES;
				CLANG_ANALYZER_NUMBER_OBJECT_CONVERSION = YES_AGGRESSIVE;
				CLANG_CXX_LANGUAGE_STANDARD = "gnu++20";
				CLANG_ENABLE_MODULES = YES;
				CLANG_ENABLE_OBJC_ARC = YES;
				CLANG_ENABLE_OBJC_WEAK = YES;
				CLANG_WARN_BLOCK_CAPTURE_AUTORELEASING = YES;
				CLANG_WARN_BOOL_CONVERSION = YES;
				CLANG_WARN_COMMA = YES;
				CLANG_WARN_CONSTANT_CONVERSION = YES;
				CLANG_WARN_DEPRECATED_OBJC_IMPLEMENTATIONS = YES;
				CLANG_WARN_DIRECT_OBJC_ISA_USAGE = YES_ERROR;
				CLANG_WARN_DOCUMENTATION_COMMENTS = YES;
				CLANG_WARN_EMPTY_BODY = YES;
				CLANG_WARN_ENUM_CONVERSION = YES;
				CLANG_WARN_INFINITE_RECURSION = YES;
				CLANG_WARN_INT_CONVERSION = YES;
				CLANG_WARN_NON_LITERAL_NULL_CONVERSION = YES;
				CLANG_WARN_OBJC_IMPLICIT_RETAIN_SELF = YES;
				CLANG_WARN_OBJC_LITERAL_CONVERSION = YES;
				CLANG_WARN_OBJC_ROOT_CLASS = YES_ERROR;
				CLANG_WARN_QUOTED_INCLUDE_IN_FRAMEWORK_HEADER = YES;
				CLANG_WARN_RANGE_LOOP_ANALYSIS = YES;
				CLANG_WARN_STRICT_PROTOTYPES = YES;
				CLANG_WARN_SUSPICIOUS_MOVE = YES;
				CLANG_WARN_UNGUARDED_AVAILABILITY = YES_AGGRESSIVE;
				CLANG_WARN_UNREACHABLE_CODE = YES;
				CLANG_WARN__DUPLICATE_METHOD_MATCH = YES;
				COPY_PHASE_STRIP = NO;
				DEBUG_INFORMATION_FORMAT = dwarf;
				ENABLE_STRICT_OBJC_MSGSEND = YES;
				ENABLE_TESTABILITY = YES;
				ENABLE_USER_SCRIPT_SANDBOXING = YES;
				GCC_C_LANGUAGE_STANDARD = gnu17;
				GCC_DYNAMIC_NO_PIC = NO;
				GCC_NO_COMMON_BLOCKS = YES;
				GCC_OPTIMIZATION_LEVEL = 0;
				GCC_PREPROCESSOR_DEFINITIONS = (
					"DEBUG=1",
					"$(inherited)",
				);
				GCC_WARN_64_TO_32_BIT_CONVERSION = YES;
				GCC_WARN_ABOUT_RETURN_TYPE = YES_ERROR;
				GCC_WARN_UNDECLARED_SELECTOR = YES;
				GCC_WARN_UNINITIALIZED_AUTOS = YES_AGGRESSIVE;
				GCC_WARN_UNUSED_FUNCTION = YES;
				GCC_WARN_UNUSED_VARIABLE = YES;
				LOCALIZATION_PREFERS_STRING_CATALOGS = YES;
				MTL_ENABLE_DEBUG_INFO = INCLUDE_SOURCE;
				MTL_FAST_MATH = YES;
				ONLY_ACTIVE_ARCH = YES;
				SWIFT_ACTIVE_COMPILATION_CONDITIONS = "DEBUG $(inherited)";
				SWIFT_OPTIMIZATION_LEVEL = "-Onone";
			};
			name = Debug;
		};
		23D83C5C2A5F953700CE9AC1 /* Release */ = {
			isa = XCBuildConfiguration;
			buildSettings = {
				ALWAYS_SEARCH_USER_PATHS = NO;
				ASSETCATALOG_COMPILER_GENERATE_SWIFT_ASSET_SYMBOL_EXTENSIONS = YES;
				CLANG_ANALYZER_NONNULL = YES;
				CLANG_ANALYZER_NUMBER_OBJECT_CONVERSION = YES_AGGRESSIVE;
				CLANG_CXX_LANGUAGE_STANDARD = "gnu++20";
				CLANG_ENABLE_MODULES = YES;
				CLANG_ENABLE_OBJC_ARC = YES;
				CLANG_ENABLE_OBJC_WEAK = YES;
				CLANG_WARN_BLOCK_CAPTURE_AUTORELEASING = YES;
				CLANG_WARN_BOOL_CONVERSION = YES;
				CLANG_WARN_COMMA = YES;
				CLANG_WARN_CONSTANT_CONVERSION = YES;
				CLANG_WARN_DEPRECATED_OBJC_IMPLEMENTATIONS = YES;
				CLANG_WARN_DIRECT_OBJC_ISA_USAGE = YES_ERROR;
				CLANG_WARN_DOCUMENTATION_COMMENTS = YES;
				CLANG_WARN_EMPTY_BODY = YES;
				CLANG_WARN_ENUM_CONVERSION = YES;
				CLANG_WARN_INFINITE_RECURSION = YES;
				CLANG_WARN_INT_CONVERSION = YES;
				CLANG_WARN_NON_LITERAL_NULL_CONVERSION = YES;
				CLANG_WARN_OBJC_IMPLICIT_RETAIN_SELF = YES;
				CLANG_WARN_OBJC_LITERAL_CONVERSION = YES;
				CLANG_WARN_OBJC_ROOT_CLASS = YES_ERROR;
				CLANG_WARN_QUOTED_INCLUDE_IN_FRAMEWORK_HEADER = YES;
				CLANG_WARN_RANGE_LOOP_ANALYSIS = YES;
				CLANG_WARN_STRICT_PROTOTYPES = YES;
				CLANG_WARN_SUSPICIOUS_MOVE = YES;
				CLANG_WARN_UNGUARDED_AVAILABILITY = YES_AGGRESSIVE;
				CLANG_WARN_UNREACHABLE_CODE = YES;
				CLANG_WARN__DUPLICATE_METHOD_MATCH = YES;
				COPY_PHASE_STRIP = NO;
				DEBUG_INFORMATION_FORMAT = "dwarf-with-dsym";
				ENABLE_NS_ASSERTIONS = NO;
				ENABLE_STRICT_OBJC_MSGSEND = YES;
				ENABLE_USER_SCRIPT_SANDBOXING = YES;
				GCC_C_LANGUAGE_STANDARD = gnu17;
				GCC_NO_COMMON_BLOCKS = YES;
				GCC_WARN_64_TO_32_BIT_CONVERSION = YES;
				GCC_WARN_ABOUT_RETURN_TYPE = YES_ERROR;
				GCC_WARN_UNDECLARED_SELECTOR = YES;
				GCC_WARN_UNINITIALIZED_AUTOS = YES_AGGRESSIVE;
				GCC_WARN_UNUSED_FUNCTION = YES;
				GCC_WARN_UNUSED_VARIABLE = YES;
				LOCALIZATION_PREFERS_STRING_CATALOGS = YES;
				MTL_ENABLE_DEBUG_INFO = NO;
				MTL_FAST_MATH = YES;
				SWIFT_COMPILATION_MODE = wholemodule;
			};
			name = Release;
		};
		23D83C5E2A5F953700CE9AC1 /* Debug */ = {
			isa = XCBuildConfiguration;
			buildSettings = {
				ASSETCATALOG_COMPILER_APPICON_NAME = AppIcon;
				ASSETCATALOG_COMPILER_GLOBAL_ACCENT_COLOR_NAME = AccentColor;
				CODE_SIGN_ENTITLEMENTS = CryptoX15/CryptoX15.entitlements;
				CODE_SIGN_STYLE = Automatic;
				CURRENT_PROJECT_VERSION = 1;
				DEVELOPMENT_ASSET_PATHS = "\"CryptoX15/Preview Content\"";
				DEVELOPMENT_TEAM = C48968WB52;
				ENABLE_HARDENED_RUNTIME = YES;
				ENABLE_PREVIEWS = YES;
				GENERATE_INFOPLIST_FILE = YES;
				INFOPLIST_FILE = CryptoX15/Info.plist;
				"INFOPLIST_KEY_UIApplicationSceneManifest_Generation[sdk=iphoneos*]" = YES;
				"INFOPLIST_KEY_UIApplicationSceneManifest_Generation[sdk=iphonesimulator*]" = YES;
				"INFOPLIST_KEY_UIApplicationSupportsIndirectInputEvents[sdk=iphoneos*]" = YES;
				"INFOPLIST_KEY_UIApplicationSupportsIndirectInputEvents[sdk=iphonesimulator*]" = YES;
				"INFOPLIST_KEY_UILaunchScreen_Generation[sdk=iphoneos*]" = YES;
				"INFOPLIST_KEY_UILaunchScreen_Generation[sdk=iphonesimulator*]" = YES;
				INFOPLIST_KEY_UIStatusBarStyle = "";
				"INFOPLIST_KEY_UIStatusBarStyle[sdk=iphoneos*]" = UIStatusBarStyleDefault;
				"INFOPLIST_KEY_UIStatusBarStyle[sdk=iphonesimulator*]" = UIStatusBarStyleDefault;
				INFOPLIST_KEY_UISupportedInterfaceOrientations = UIInterfaceOrientationPortrait;
				INFOPLIST_KEY_UISupportedInterfaceOrientations_iPad = "UIInterfaceOrientationPortrait UIInterfaceOrientationPortraitUpsideDown";
				IPHONEOS_DEPLOYMENT_TARGET = 17.0;
				LD_RUNPATH_SEARCH_PATHS = "@executable_path/Frameworks";
				"LD_RUNPATH_SEARCH_PATHS[sdk=macosx*]" = "@executable_path/../Frameworks";
				MACOSX_DEPLOYMENT_TARGET = 14.0;
				MARKETING_VERSION = 1.0;
				PRODUCT_BUNDLE_IDENTIFIER = CJ.CryptoX15;
				PRODUCT_NAME = "$(TARGET_NAME)";
				SDKROOT = auto;
				SUPPORTED_PLATFORMS = "iphoneos iphonesimulator macosx";
				SWIFT_EMIT_LOC_STRINGS = YES;
				SWIFT_VERSION = 5.0;
				TARGETED_DEVICE_FAMILY = "1,2";
			};
			name = Debug;
		};
		23D83C5F2A5F953700CE9AC1 /* Release */ = {
			isa = XCBuildConfiguration;
			buildSettings = {
				ASSETCATALOG_COMPILER_APPICON_NAME = AppIcon;
				ASSETCATALOG_COMPILER_GLOBAL_ACCENT_COLOR_NAME = AccentColor;
				CODE_SIGN_ENTITLEMENTS = CryptoX15/CryptoX15.entitlements;
				CODE_SIGN_STYLE = Automatic;
				CURRENT_PROJECT_VERSION = 1;
				DEVELOPMENT_ASSET_PATHS = "\"CryptoX15/Preview Content\"";
				DEVELOPMENT_TEAM = C48968WB52;
				ENABLE_HARDENED_RUNTIME = YES;
				ENABLE_PREVIEWS = YES;
				GENERATE_INFOPLIST_FILE = YES;
				INFOPLIST_FILE = CryptoX15/Info.plist;
				"INFOPLIST_KEY_UIApplicationSceneManifest_Generation[sdk=iphoneos*]" = YES;
				"INFOPLIST_KEY_UIApplicationSceneManifest_Generation[sdk=iphonesimulator*]" = YES;
				"INFOPLIST_KEY_UIApplicationSupportsIndirectInputEvents[sdk=iphoneos*]" = YES;
				"INFOPLIST_KEY_UIApplicationSupportsIndirectInputEvents[sdk=iphonesimulator*]" = YES;
				"INFOPLIST_KEY_UILaunchScreen_Generation[sdk=iphoneos*]" = YES;
				"INFOPLIST_KEY_UILaunchScreen_Generation[sdk=iphonesimulator*]" = YES;
				INFOPLIST_KEY_UIStatusBarStyle = "";
				"INFOPLIST_KEY_UIStatusBarStyle[sdk=iphoneos*]" = UIStatusBarStyleDefault;
				"INFOPLIST_KEY_UIStatusBarStyle[sdk=iphonesimulator*]" = UIStatusBarStyleDefault;
				INFOPLIST_KEY_UISupportedInterfaceOrientations = UIInterfaceOrientationPortrait;
				INFOPLIST_KEY_UISupportedInterfaceOrientations_iPad = "UIInterfaceOrientationPortrait UIInterfaceOrientationPortraitUpsideDown";
				IPHONEOS_DEPLOYMENT_TARGET = 17.0;
				LD_RUNPATH_SEARCH_PATHS = "@executable_path/Frameworks";
				"LD_RUNPATH_SEARCH_PATHS[sdk=macosx*]" = "@executable_path/../Frameworks";
				MACOSX_DEPLOYMENT_TARGET = 14.0;
				MARKETING_VERSION = 1.0;
				PRODUCT_BUNDLE_IDENTIFIER = CJ.CryptoX15;
				PRODUCT_NAME = "$(TARGET_NAME)";
				SDKROOT = auto;
				SUPPORTED_PLATFORMS = "iphoneos iphonesimulator macosx";
				SWIFT_EMIT_LOC_STRINGS = YES;
				SWIFT_VERSION = 5.0;
				TARGETED_DEVICE_FAMILY = "1,2";
			};
			name = Release;
		};
		23D83C612A5F953700CE9AC1 /* Debug */ = {
			isa = XCBuildConfiguration;
			buildSettings = {
				ALWAYS_EMBED_SWIFT_STANDARD_LIBRARIES = YES;
				BUNDLE_LOADER = "$(TEST_HOST)";
				CODE_SIGN_STYLE = Automatic;
				CURRENT_PROJECT_VERSION = 1;
				DEVELOPMENT_TEAM = C48968WB52;
				GENERATE_INFOPLIST_FILE = YES;
				IPHONEOS_DEPLOYMENT_TARGET = 17.0;
				MACOSX_DEPLOYMENT_TARGET = 13.4;
				MARKETING_VERSION = 1.0;
				PRODUCT_BUNDLE_IDENTIFIER = CJ.CryptoX15Tests;
				PRODUCT_NAME = "$(TARGET_NAME)";
				SDKROOT = auto;
				SUPPORTED_PLATFORMS = "iphoneos iphonesimulator macosx";
				SWIFT_EMIT_LOC_STRINGS = NO;
				SWIFT_VERSION = 5.0;
				TARGETED_DEVICE_FAMILY = "1,2";
				TEST_HOST = "$(BUILT_PRODUCTS_DIR)/CryptoX15.app/$(BUNDLE_EXECUTABLE_FOLDER_PATH)/CryptoX15";
			};
			name = Debug;
		};
		23D83C622A5F953700CE9AC1 /* Release */ = {
			isa = XCBuildConfiguration;
			buildSettings = {
				ALWAYS_EMBED_SWIFT_STANDARD_LIBRARIES = YES;
				BUNDLE_LOADER = "$(TEST_HOST)";
				CODE_SIGN_STYLE = Automatic;
				CURRENT_PROJECT_VERSION = 1;
				DEVELOPMENT_TEAM = C48968WB52;
				GENERATE_INFOPLIST_FILE = YES;
				IPHONEOS_DEPLOYMENT_TARGET = 17.0;
				MACOSX_DEPLOYMENT_TARGET = 13.4;
				MARKETING_VERSION = 1.0;
				PRODUCT_BUNDLE_IDENTIFIER = CJ.CryptoX15Tests;
				PRODUCT_NAME = "$(TARGET_NAME)";
				SDKROOT = auto;
				SUPPORTED_PLATFORMS = "iphoneos iphonesimulator macosx";
				SWIFT_EMIT_LOC_STRINGS = NO;
				SWIFT_VERSION = 5.0;
				TARGETED_DEVICE_FAMILY = "1,2";
				TEST_HOST = "$(BUILT_PRODUCTS_DIR)/CryptoX15.app/$(BUNDLE_EXECUTABLE_FOLDER_PATH)/CryptoX15";
			};
			name = Release;
		};
		23D83C642A5F953700CE9AC1 /* Debug */ = {
			isa = XCBuildConfiguration;
			buildSettings = {
				ALWAYS_EMBED_SWIFT_STANDARD_LIBRARIES = YES;
				CODE_SIGN_STYLE = Automatic;
				CURRENT_PROJECT_VERSION = 1;
				DEVELOPMENT_TEAM = C48968WB52;
				GENERATE_INFOPLIST_FILE = YES;
				IPHONEOS_DEPLOYMENT_TARGET = 17.0;
				MACOSX_DEPLOYMENT_TARGET = 13.4;
				MARKETING_VERSION = 1.0;
				PRODUCT_BUNDLE_IDENTIFIER = CJ.CryptoX15UITests;
				PRODUCT_NAME = "$(TARGET_NAME)";
				SDKROOT = auto;
				SUPPORTED_PLATFORMS = "iphoneos iphonesimulator macosx";
				SWIFT_EMIT_LOC_STRINGS = NO;
				SWIFT_VERSION = 5.0;
				TARGETED_DEVICE_FAMILY = "1,2";
				TEST_TARGET_NAME = CryptoX15;
			};
			name = Debug;
		};
		23D83C652A5F953700CE9AC1 /* Release */ = {
			isa = XCBuildConfiguration;
			buildSettings = {
				ALWAYS_EMBED_SWIFT_STANDARD_LIBRARIES = YES;
				CODE_SIGN_STYLE = Automatic;
				CURRENT_PROJECT_VERSION = 1;
				DEVELOPMENT_TEAM = C48968WB52;
				GENERATE_INFOPLIST_FILE = YES;
				IPHONEOS_DEPLOYMENT_TARGET = 17.0;
				MACOSX_DEPLOYMENT_TARGET = 13.4;
				MARKETING_VERSION = 1.0;
				PRODUCT_BUNDLE_IDENTIFIER = CJ.CryptoX15UITests;
				PRODUCT_NAME = "$(TARGET_NAME)";
				SDKROOT = auto;
				SUPPORTED_PLATFORMS = "iphoneos iphonesimulator macosx";
				SWIFT_EMIT_LOC_STRINGS = NO;
				SWIFT_VERSION = 5.0;
				TARGETED_DEVICE_FAMILY = "1,2";
				TEST_TARGET_NAME = CryptoX15;
			};
			name = Release;
		};
/* End XCBuildConfiguration section */

/* Begin XCConfigurationList section */
		23D83C332A5F953000CE9AC1 /* Build configuration list for PBXProject "CryptoX15" */ = {
			isa = XCConfigurationList;
			buildConfigurations = (
				23D83C5B2A5F953700CE9AC1 /* Debug */,
				23D83C5C2A5F953700CE9AC1 /* Release */,
			);
			defaultConfigurationIsVisible = 0;
			defaultConfigurationName = Release;
		};
		23D83C5D2A5F953700CE9AC1 /* Build configuration list for PBXNativeTarget "CryptoX15" */ = {
			isa = XCConfigurationList;
			buildConfigurations = (
				23D83C5E2A5F953700CE9AC1 /* Debug */,
				23D83C5F2A5F953700CE9AC1 /* Release */,
			);
			defaultConfigurationIsVisible = 0;
			defaultConfigurationName = Release;
		};
		23D83C602A5F953700CE9AC1 /* Build configuration list for PBXNativeTarget "CryptoX15Tests" */ = {
			isa = XCConfigurationList;
			buildConfigurations = (
				23D83C612A5F953700CE9AC1 /* Debug */,
				23D83C622A5F953700CE9AC1 /* Release */,
			);
			defaultConfigurationIsVisible = 0;
			defaultConfigurationName = Release;
		};
		23D83C632A5F953700CE9AC1 /* Build configuration list for PBXNativeTarget "CryptoX15UITests" */ = {
			isa = XCConfigurationList;
			buildConfigurations = (
				23D83C642A5F953700CE9AC1 /* Debug */,
				23D83C652A5F953700CE9AC1 /* Release */,
			);
			defaultConfigurationIsVisible = 0;
			defaultConfigurationName = Release;
		};
/* End XCConfigurationList section */

/* Begin XCRemoteSwiftPackageReference section */
		23D83C662A5F98AD00CE9AC1 /* XCRemoteSwiftPackageReference "firebase-ios-sdk" */ = {
			isa = XCRemoteSwiftPackageReference;
			repositoryURL = "https://github.com/firebase/firebase-ios-sdk.git";
			requirement = {
				kind = upToNextMajorVersion;
				minimumVersion = 10.12.0;
			};
		};
/* End XCRemoteSwiftPackageReference section */

/* Begin XCSwiftPackageProductDependency section */
		232E96D72A6994650025A376 /* FirebaseFirestoreSwift */ = {
			isa = XCSwiftPackageProductDependency;
			package = 23D83C662A5F98AD00CE9AC1 /* XCRemoteSwiftPackageReference "firebase-ios-sdk" */;
			productName = FirebaseFirestoreSwift;
		};
		23D83C672A5F98AD00CE9AC1 /* FirebaseAnalytics */ = {
			isa = XCSwiftPackageProductDependency;
			package = 23D83C662A5F98AD00CE9AC1 /* XCRemoteSwiftPackageReference "firebase-ios-sdk" */;
			productName = FirebaseAnalytics;
		};
		23D83C692A5F98AD00CE9AC1 /* FirebaseAuth */ = {
			isa = XCSwiftPackageProductDependency;
			package = 23D83C662A5F98AD00CE9AC1 /* XCRemoteSwiftPackageReference "firebase-ios-sdk" */;
			productName = FirebaseAuth;
		};
		23D83C6B2A5F98AD00CE9AC1 /* FirebaseFirestore */ = {
			isa = XCSwiftPackageProductDependency;
			package = 23D83C662A5F98AD00CE9AC1 /* XCRemoteSwiftPackageReference "firebase-ios-sdk" */;
			productName = FirebaseFirestore;
		};
/* End XCSwiftPackageProductDependency section */
	};
	rootObject = 23D83C302A5F953000CE9AC1 /* Project object */;
}
